// !$*UTF8*$!
{
	archiveVersion = 1;
	classes = {
	};
	objectVersion = 55;
	objects = {

/* Begin PBXBuildFile section */
		53AD898D27F000CB005DF12F /* menu.cpp in Sources */ = {isa = PBXBuildFile; fileRef = 53AD898927F000CB005DF12F /* menu.cpp */; };
		53AD898E27F000CB005DF12F /* tool.cpp in Sources */ = {isa = PBXBuildFile; fileRef = 53AD898C27F000CB005DF12F /* tool.cpp */; };
		53AD899427F0019B005DF12F /* bot1.cpp in Sources */ = {isa = PBXBuildFile; fileRef = 53AD899227F0019B005DF12F /* bot1.cpp */; };
		53AD899527F0019B005DF12F /* main2.cpp in Sources */ = {isa = PBXBuildFile; fileRef = 53AD899327F0019B005DF12F /* main2.cpp */; };
		53B5811227EFFF7B00F4332B /* main.cpp in Sources */ = {isa = PBXBuildFile; fileRef = 53B5811127EFFF7B00F4332B /* main.cpp */; };
/* End PBXBuildFile section */

/* Begin PBXCopyFilesBuildPhase section */
		53B5810C27EFFF7B00F4332B /* CopyFiles */ = {
			isa = PBXCopyFilesBuildPhase;
			buildActionMask = 2147483647;
			dstPath = /usr/share/man/man1/;
			dstSubfolderSpec = 0;
			files = (
			);
			runOnlyForDeploymentPostprocessing = 1;
		};
/* End PBXCopyFilesBuildPhase section */

/* Begin PBXFileReference section */
		53AD898927F000CB005DF12F /* menu.cpp */ = {isa = PBXFileReference; fileEncoding = 4; lastKnownFileType = sourcecode.cpp.cpp; path = menu.cpp; sourceTree = "<group>"; };
		53AD898A27F000CB005DF12F /* tool.hpp */ = {isa = PBXFileReference; fileEncoding = 4; lastKnownFileType = sourcecode.cpp.h; path = tool.hpp; sourceTree = "<group>"; };
		53AD898B27F000CB005DF12F /* menu.hpp */ = {isa = PBXFileReference; fileEncoding = 4; lastKnownFileType = sourcecode.cpp.h; path = menu.hpp; sourceTree = "<group>"; };
		53AD898C27F000CB005DF12F /* tool.cpp */ = {isa = PBXFileReference; fileEncoding = 4; lastKnownFileType = sourcecode.cpp.cpp; path = tool.cpp; sourceTree = "<group>"; };
		53AD899027F0019B005DF12F /* time.hpp */ = {isa = PBXFileReference; fileEncoding = 4; lastKnownFileType = sourcecode.cpp.h; path = time.hpp; sourceTree = "<group>"; };
		53AD899127F0019B005DF12F /* bot1.hpp */ = {isa = PBXFileReference; fileEncoding = 4; lastKnownFileType = sourcecode.cpp.h; path = bot1.hpp; sourceTree = "<group>"; };
		53AD899227F0019B005DF12F /* bot1.cpp */ = {isa = PBXFileReference; fileEncoding = 4; lastKnownFileType = sourcecode.cpp.cpp; path = bot1.cpp; sourceTree = "<group>"; };
		53AD899327F0019B005DF12F /* main2.cpp */ = {isa = PBXFileReference; fileEncoding = 4; lastKnownFileType = sourcecode.cpp.cpp; path = main2.cpp; sourceTree = "<group>"; };
		53B5810E27EFFF7B00F4332B /* sturdy */ = {isa = PBXFileReference; explicitFileType = "compiled.mach-o.executable"; includeInIndex = 0; path = sturdy; sourceTree = BUILT_PRODUCTS_DIR; };
		53B5811127EFFF7B00F4332B /* main.cpp */ = {isa = PBXFileReference; lastKnownFileType = sourcecode.cpp.cpp; path = main.cpp; sourceTree = "<group>"; };
/* End PBXFileReference section */

/* Begin PBXFrameworksBuildPhase section */
		53B5810B27EFFF7B00F4332B /* Frameworks */ = {
			isa = PBXFrameworksBuildPhase;
			buildActionMask = 2147483647;
			files = (
			);
			runOnlyForDeploymentPostprocessing = 0;
		};
/* End PBXFrameworksBuildPhase section */

/* Begin PBXGroup section */
		53B5810527EFFF7B00F4332B = {
			isa = PBXGroup;
			children = (
				53B5811027EFFF7B00F4332B /* sturdy */,
				53B5810F27EFFF7B00F4332B /* Products */,
			);
			sourceTree = "<group>";
		};
		53B5810F27EFFF7B00F4332B /* Products */ = {
			isa = PBXGroup;
			children = (
				53B5810E27EFFF7B00F4332B /* sturdy */,
			);
			name = Products;
			sourceTree = "<group>";
		};
		53B5811027EFFF7B00F4332B /* sturdy */ = {
			isa = PBXGroup;
			children = (
				53B5811127EFFF7B00F4332B /* main.cpp */,
				53AD898927F000CB005DF12F /* menu.cpp */,
				53AD898B27F000CB005DF12F /* menu.hpp */,
				53AD898C27F000CB005DF12F /* tool.cpp */,
				53AD898A27F000CB005DF12F /* tool.hpp */,
				53AD899227F0019B005DF12F /* bot1.cpp */,
				53AD899127F0019B005DF12F /* bot1.hpp */,
				53AD899327F0019B005DF12F /* main2.cpp */,
				53AD899027F0019B005DF12F /* time.hpp */,
			);
			path = sturdy;
			sourceTree = "<group>";
		};
/* End PBXGroup section */

/* Begin PBXNativeTarget section */
		53B5810D27EFFF7B00F4332B /* sturdy */ = {
			isa = PBXNativeTarget;
			buildConfigurationList = 53B5811527EFFF7B00F4332B /* Build configuration list for PBXNativeTarget "sturdy" */;
			buildPhases = (
				53B5810A27EFFF7B00F4332B /* Sources */,
				53B5810B27EFFF7B00F4332B /* Frameworks */,
				53B5810C27EFFF7B00F4332B /* CopyFiles */,
			);
			buildRules = (
			);
			dependencies = (
			);
			name = sturdy;
			productName = sturdy;
			productReference = 53B5810E27EFFF7B00F4332B /* sturdy */;
			productType = "com.apple.product-type.tool";
		};
/* End PBXNativeTarget section */

/* Begin PBXProject section */
		53B5810627EFFF7B00F4332B /* Project object */ = {
			isa = PBXProject;
			attributes = {
				BuildIndependentTargetsInParallel = 1;
				LastUpgradeCheck = 1330;
				TargetAttributes = {
					53B5810D27EFFF7B00F4332B = {
						CreatedOnToolsVersion = 13.3;
					};
				};
			};
			buildConfigurationList = 53B5810927EFFF7B00F4332B /* Build configuration list for PBXProject "sturdy" */;
			compatibilityVersion = "Xcode 13.0";
			developmentRegion = en;
			hasScannedForEncodings = 0;
			knownRegions = (
				en,
				Base,
			);
			mainGroup = 53B5810527EFFF7B00F4332B;
			productRefGroup = 53B5810F27EFFF7B00F4332B /* Products */;
			projectDirPath = "";
			projectRoot = "";
			targets = (
				53B5810D27EFFF7B00F4332B /* sturdy */,
			);
		};
/* End PBXProject section */

/* Begin PBXSourcesBuildPhase section */
		53B5810A27EFFF7B00F4332B /* Sources */ = {
			isa = PBXSourcesBuildPhase;
			buildActionMask = 2147483647;
			files = (
				53AD898D27F000CB005DF12F /* menu.cpp in Sources */,
				53B5811227EFFF7B00F4332B /* main.cpp in Sources */,
				53AD899527F0019B005DF12F /* main2.cpp in Sources */,
				53AD898E27F000CB005DF12F /* tool.cpp in Sources */,
				53AD899427F0019B005DF12F /* bot1.cpp in Sources */,
			);
			runOnlyForDeploymentPostprocessing = 0;
		};
/* End PBXSourcesBuildPhase section */

/* Begin XCBuildConfiguration section */
		53B5811327EFFF7B00F4332B /* Debug */ = {
			isa = XCBuildConfiguration;
			buildSettings = {
				ALWAYS_SEARCH_USER_PATHS = NO;
				CLANG_ANALYZER_NONNULL = YES;
				CLANG_ANALYZER_NUMBER_OBJECT_CONVERSION = YES_AGGRESSIVE;
				CLANG_CXX_LANGUAGE_STANDARD = "gnu++17";
				CLANG_ENABLE_MODULES = YES;
				CLANG_ENABLE_OBJC_ARC = YES;
				CLANG_ENABLE_OBJC_WEAK = YES;
				CLANG_WARN_BLOCK_CAPTURE_AUTORELEASING = YES;
				CLANG_WARN_BOOL_CONVERSION = YES;
				CLANG_WARN_COMMA = YES;
				CLANG_WARN_CONSTANT_CONVERSION = YES;
				CLANG_WARN_DEPRECATED_OBJC_IMPLEMENTATIONS = YES;
				CLANG_WARN_DIRECT_OBJC_ISA_USAGE = YES_ERROR;
				CLANG_WARN_DOCUMENTATION_COMMENTS = YES;
				CLANG_WARN_EMPTY_BODY = YES;
				CLANG_WARN_ENUM_CONVERSION = YES;
				CLANG_WARN_INFINITE_RECURSION = YES;
				CLANG_WARN_INT_CONVERSION = YES;
				CLANG_WARN_NON_LITERAL_NULL_CONVERSION = YES;
				CLANG_WARN_OBJC_IMPLICIT_RETAIN_SELF = YES;
				CLANG_WARN_OBJC_LITERAL_CONVERSION = YES;
				CLANG_WARN_OBJC_ROOT_CLASS = YES_ERROR;
				CLANG_WARN_QUOTED_INCLUDE_IN_FRAMEWORK_HEADER = YES;
				CLANG_WARN_RANGE_LOOP_ANALYSIS = YES;
				CLANG_WARN_STRICT_PROTOTYPES = YES;
				CLANG_WARN_SUSPICIOUS_MOVE = YES;
				CLANG_WARN_UNGUARDED_AVAILABILITY = YES_AGGRESSIVE;
				CLANG_WARN_UNREACHABLE_CODE = YES;
				CLANG_WARN__DUPLICATE_METHOD_MATCH = YES;
				COPY_PHASE_STRIP = NO;
				DEBUG_INFORMATION_FORMAT = dwarf;
				ENABLE_STRICT_OBJC_MSGSEND = YES;
				ENABLE_TESTABILITY = YES;
				GCC_C_LANGUAGE_STANDARD = gnu11;
				GCC_DYNAMIC_NO_PIC = NO;
				GCC_NO_COMMON_BLOCKS = YES;
				GCC_OPTIMIZATION_LEVEL = 0;
				GCC_PREPROCESSOR_DEFINITIONS = (
					"DEBUG=1",
					"$(inherited)",
				);
				GCC_WARN_64_TO_32_BIT_CONVERSION = YES;
				GCC_WARN_ABOUT_RETURN_TYPE = YES_ERROR;
				GCC_WARN_UNDECLARED_SELECTOR = YES;
				GCC_WARN_UNINITIALIZED_AUTOS = YES_AGGRESSIVE;
				GCC_WARN_UNUSED_FUNCTION = YES;
				GCC_WARN_UNUSED_VARIABLE = YES;
				MACOSX_DEPLOYMENT_TARGET = 12.3;
				MTL_ENABLE_DEBUG_INFO = INCLUDE_SOURCE;
				MTL_FAST_MATH = YES;
				ONLY_ACTIVE_ARCH = YES;
				SDKROOT = macosx;
			};
			name = Debug;
		};
		53B5811427EFFF7B00F4332B /* Release */ = {
			isa = XCBuildConfiguration;
			buildSettings = {
				ALWAYS_SEARCH_USER_PATHS = NO;
				CLANG_ANALYZER_NONNULL = YES;
				CLANG_ANALYZER_NUMBER_OBJECT_CONVERSION = YES_AGGRESSIVE;
				CLANG_CXX_LANGUAGE_STANDARD = "gnu++17";
				CLANG_ENABLE_MODULES = YES;
				CLANG_ENABLE_OBJC_ARC = YES;
				CLANG_ENABLE_OBJC_WEAK = YES;
				CLANG_WARN_BLOCK_CAPTURE_AUTORELEASING = YES;
				CLANG_WARN_BOOL_CONVERSION = YES;
				CLANG_WARN_COMMA = YES;
				CLANG_WARN_CONSTANT_CONVERSION = YES;
				CLANG_WARN_DEPRECATED_OBJC_IMPLEMENTATIONS = YES;
				CLANG_WARN_DIRECT_OBJC_ISA_USAGE = YES_ERROR;
				CLANG_WARN_DOCUMENTATION_COMMENTS = YES;
				CLANG_WARN_EMPTY_BODY = YES;
				CLANG_WARN_ENUM_CONVERSION = YES;
				CLANG_WARN_INFINITE_RECURSION = YES;
				CLANG_WARN_INT_CONVERSION = YES;
				CLANG_WARN_NON_LITERAL_NULL_CONVERSION = YES;
				CLANG_WARN_OBJC_IMPLICIT_RETAIN_SELF = YES;
				CLANG_WARN_OBJC_LITERAL_CONVERSION = YES;
				CLANG_WARN_OBJC_ROOT_CLASS = YES_ERROR;
				CLANG_WARN_QUOTED_INCLUDE_IN_FRAMEWORK_HEADER = YES;
				CLANG_WARN_RANGE_LOOP_ANALYSIS = YES;
				CLANG_WARN_STRICT_PROTOTYPES = YES;
				CLANG_WARN_SUSPICIOUS_MOVE = YES;
				CLANG_WARN_UNGUARDED_AVAILABILITY = YES_AGGRESSIVE;
				CLANG_WARN_UNREACHABLE_CODE = YES;
				CLANG_WARN__DUPLICATE_METHOD_MATCH = YES;
				COPY_PHASE_STRIP = NO;
				DEBUG_INFORMATION_FORMAT = "dwarf-with-dsym";
				ENABLE_NS_ASSERTIONS = NO;
				ENABLE_STRICT_OBJC_MSGSEND = YES;
				GCC_C_LANGUAGE_STANDARD = gnu11;
				GCC_NO_COMMON_BLOCKS = YES;
				GCC_WARN_64_TO_32_BIT_CONVERSION = YES;
				GCC_WARN_ABOUT_RETURN_TYPE = YES_ERROR;
				GCC_WARN_UNDECLARED_SELECTOR = YES;
				GCC_WARN_UNINITIALIZED_AUTOS = YES_AGGRESSIVE;
				GCC_WARN_UNUSED_FUNCTION = YES;
				GCC_WARN_UNUSED_VARIABLE = YES;
				MACOSX_DEPLOYMENT_TARGET = 12.3;
				MTL_ENABLE_DEBUG_INFO = NO;
				MTL_FAST_MATH = YES;
				SDKROOT = macosx;
			};
			name = Release;
		};
		53B5811627EFFF7B00F4332B /* Debug */ = {
			isa = XCBuildConfiguration;
			buildSettings = {
				CODE_SIGN_STYLE = Automatic;
				PRODUCT_NAME = "$(TARGET_NAME)";
			};
			name = Debug;
		};
		53B5811727EFFF7B00F4332B /* Release */ = {
			isa = XCBuildConfiguration;
			buildSettings = {
				CODE_SIGN_STYLE = Automatic;
				PRODUCT_NAME = "$(TARGET_NAME)";
			};
			name = Release;
		};
/* End XCBuildConfiguration section */

/* Begin XCConfigurationList section */
		53B5810927EFFF7B00F4332B /* Build configuration list for PBXProject "sturdy" */ = {
			isa = XCConfigurationList;
			buildConfigurations = (
				53B5811327EFFF7B00F4332B /* Debug */,
				53B5811427EFFF7B00F4332B /* Release */,
			);
			defaultConfigurationIsVisible = 0;
			defaultConfigurationName = Debug;
		};
		53B5811527EFFF7B00F4332B /* Build configuration list for PBXNativeTarget "sturdy" */ = {
			isa = XCConfigurationList;
			buildConfigurations = (
				53B5811627EFFF7B00F4332B /* Debug */,
				53B5811727EFFF7B00F4332B /* Release */,
			);
			defaultConfigurationIsVisible = 0;
			defaultConfigurationName = Debug;
		};
/* End XCConfigurationList section */
	};
	rootObject = 53B5810627EFFF7B00F4332B /* Project object */;
}
